
Microsoft Visual Studio Solution File, Format Version 12.00
# Visual Studio 15
VisualStudioVersion = 15.0.27703.2042
MinimumVisualStudioVersion = 10.0.40219.1
Project("{FAE04EC0-301F-11D3-BF4B-00C04F79EFBC}") = "TravelPort_task1", "TravelPort_task1\TravelPort_task1.csproj", "{E04FB329-84E7-4443-AD55-B5EA923354B3}"
EndProject
Global
	GlobalSection(SolutionConfigurationPlatforms) = preSolution
		Debug|Any CPU = Debug|Any CPU
		Release|Any CPU = Release|Any CPU
	EndGlobalSection
	GlobalSection(ProjectConfigurationPlatforms) = postSolution
		{E04FB329-84E7-4443-AD55-B5EA923354B3}.Debug|Any CPU.ActiveCfg = Debug|Any CPU
		{E04FB329-84E7-4443-AD55-B5EA923354B3}.Debug|Any CPU.Build.0 = Debug|Any CPU
		{E04FB329-84E7-4443-AD55-B5EA923354B3}.Release|Any CPU.ActiveCfg = Release|Any CPU
		{E04FB329-84E7-4443-AD55-B5EA923354B3}.Release|Any CPU.Build.0 = Release|Any CPU
	EndGlobalSection
	GlobalSection(SolutionProperties) = preSolution
		HideSolutionNode = FALSE
	EndGlobalSection
	GlobalSection(ExtensibilityGlobals) = postSolution
		SolutionGuid = {594B226A-6BF9-42D6-BDE2-8549BFFB4265}
	EndGlobalSection
EndGlobal
